
Microsoft Visual Studio Solution File, Format Version 12.00
# Visual Studio Version 16
VisualStudioVersion = 16.0.31424.327
MinimumVisualStudioVersion = 10.0.40219.1
Project("{159641D6-6404-4A2A-AE62-294DE0FE8301}") = "ClientDataLoading", "ClientDataLoading.dtproj", "{13A02C13-2707-4F8B-839F-864A25E88358}"
EndProject
Global
	GlobalSection(SolutionConfigurationPlatforms) = preSolution
		Development|Default = Development|Default
	EndGlobalSection
	GlobalSection(ProjectConfigurationPlatforms) = postSolution
		{13A02C13-2707-4F8B-839F-864A25E88358}.Development|Default.ActiveCfg = Development
		{13A02C13-2707-4F8B-839F-864A25E88358}.Development|Default.Build.0 = Development
	EndGlobalSection
	GlobalSection(SolutionProperties) = preSolution
		HideSolutionNode = FALSE
	EndGlobalSection
	GlobalSection(ExtensibilityGlobals) = postSolution
		SolutionGuid = {D7C69FE9-F05C-40D9-B50F-84CEEF6E417F}
	EndGlobalSection
EndGlobal
